
Microsoft Visual Studio Solution File, Format Version 12.00
# Visual Studio Version 17
VisualStudioVersion = 17.4.33110.190
MinimumVisualStudioVersion = 10.0.40219.1
Project("{FAE04EC0-301F-11D3-BF4B-00C04F79EFBC}") = "PerceptronAlgorithm_XNOR", "PerceptronAlgorithm_XNOR\PerceptronAlgorithm_XNOR.csproj", "{C40498AD-52B3-4F2A-A74C-26D1937BDB91}"
EndProject
Global
	GlobalSection(SolutionConfigurationPlatforms) = preSolution
		Debug|Any CPU = Debug|Any CPU
		Release|Any CPU = Release|Any CPU
	EndGlobalSection
	GlobalSection(ProjectConfigurationPlatforms) = postSolution
		{C40498AD-52B3-4F2A-A74C-26D1937BDB91}.Debug|Any CPU.ActiveCfg = Debug|Any CPU
		{C40498AD-52B3-4F2A-A74C-26D1937BDB91}.Debug|Any CPU.Build.0 = Debug|Any CPU
		{C40498AD-52B3-4F2A-A74C-26D1937BDB91}.Release|Any CPU.ActiveCfg = Release|Any CPU
		{C40498AD-52B3-4F2A-A74C-26D1937BDB91}.Release|Any CPU.Build.0 = Release|Any CPU
	EndGlobalSection
	GlobalSection(SolutionProperties) = preSolution
		HideSolutionNode = FALSE
	EndGlobalSection
	GlobalSection(ExtensibilityGlobals) = postSolution
		SolutionGuid = {14CE5034-8923-4806-83EB-7650B5370C2D}
	EndGlobalSection
EndGlobal
